
Microsoft Visual Studio Solution File, Format Version 12.00
# Visual Studio Version 17
VisualStudioVersion = 17.14.36429.23 d17.14
MinimumVisualStudioVersion = 10.0.40219.1
Project("{2150E333-8FDC-42A3-9474-1A3956D46DE8}") = "Task0", "Task0", "{02EA681E-C7D8-13C7-8484-4AC65E1B71E8}"
EndProject
Project("{FAE04EC0-301F-11D3-BF4B-00C04F79EFBC}") = "Tyuiu.KozyrevRA.Sprint0.Task0.V0", "Tyuiu.KozyrevRA.Sprint0.Task0.V0\Tyuiu.KozyrevRA.Sprint0.Task0.V0.csproj", "{5FD0B5BF-6902-4EC1-AC28-603956A72B37}"
EndProject
Project("{2150E333-8FDC-42A3-9474-1A3956D46DE8}") = "Task1", "Task1", "{611D6C5A-7533-481C-AB81-D234DB23A766}"
EndProject
Project("{FAE04EC0-301F-11D3-BF4B-00C04F79EFBC}") = "Tyuiu.KozyrevRA.Sprint0.Task1.V0", "Tyuiu.KozyrevRA.Sprint0.Task1.V0\Tyuiu.KozyrevRA.Sprint0.Task1.V0.csproj", "{1CF3978D-A0FC-4199-868F-B8D1DD9C0044}"
EndProject
Project("{2150E333-8FDC-42A3-9474-1A3956D46DE8}") = "Task2", "Task2", "{F516AA37-236C-4694-812C-B96412200C6E}"
EndProject
Project("{FAE04EC0-301F-11D3-BF4B-00C04F79EFBC}") = "Tyuiu.KozyrevRA.Sprint0.Task2.V0", "Tyuiu.KozyrevRA.Sprint0.Task2.V0\Tyuiu.KozyrevRA.Sprint0.Task2.V0.csproj", "{A4A42C75-605D-432F-8C6B-9F2FB91CD93D}"
EndProject
Project("{FAE04EC0-301F-11D3-BF4B-00C04F79EFBC}") = "Tyuiu.KozyrevRA.Sprint0.Task2.V0.Lib", "Tyuiu.KozyrevRA.Sprint0.Task2.V0.Lib\Tyuiu.KozyrevRA.Sprint0.Task2.V0.Lib.csproj", "{56A3898D-3A24-440C-887B-6F1B2B2E85F1}"
EndProject
Project("{FAE04EC0-301F-11D3-BF4B-00C04F79EFBC}") = "Tyuiu.KozyrevRA.Sprint0.Task2.V0.Test", "Tyuiu.KozyrevRA.Sprint0.Task2.V0.Test\Tyuiu.KozyrevRA.Sprint0.Task2.V0.Test.csproj", "{F4EE3467-74E1-4483-B0B5-AA40F8B30AB0}"
EndProject
Global
	GlobalSection(SolutionConfigurationPlatforms) = preSolution
		Debug|Any CPU = Debug|Any CPU
		Release|Any CPU = Release|Any CPU
	EndGlobalSection
	GlobalSection(ProjectConfigurationPlatforms) = postSolution
		{5FD0B5BF-6902-4EC1-AC28-603956A72B37}.Debug|Any CPU.ActiveCfg = Debug|Any CPU
		{5FD0B5BF-6902-4EC1-AC28-603956A72B37}.Debug|Any CPU.Build.0 = Debug|Any CPU
		{5FD0B5BF-6902-4EC1-AC28-603956A72B37}.Release|Any CPU.ActiveCfg = Release|Any CPU
		{5FD0B5BF-6902-4EC1-AC28-603956A72B37}.Release|Any CPU.Build.0 = Release|Any CPU
		{1CF3978D-A0FC-4199-868F-B8D1DD9C0044}.Debug|Any CPU.ActiveCfg = Debug|Any CPU
		{1CF3978D-A0FC-4199-868F-B8D1DD9C0044}.Debug|Any CPU.Build.0 = Debug|Any CPU
		{1CF3978D-A0FC-4199-868F-B8D1DD9C0044}.Release|Any CPU.ActiveCfg = Release|Any CPU
		{1CF3978D-A0FC-4199-868F-B8D1DD9C0044}.Release|Any CPU.Build.0 = Release|Any CPU
		{A4A42C75-605D-432F-8C6B-9F2FB91CD93D}.Debug|Any CPU.ActiveCfg = Debug|Any CPU
		{A4A42C75-605D-432F-8C6B-9F2FB91CD93D}.Debug|Any CPU.Build.0 = Debug|Any CPU
		{A4A42C75-605D-432F-8C6B-9F2FB91CD93D}.Release|Any CPU.ActiveCfg = Release|Any CPU
		{A4A42C75-605D-432F-8C6B-9F2FB91CD93D}.Release|Any CPU.Build.0 = Release|Any CPU
		{56A3898D-3A24-440C-887B-6F1B2B2E85F1}.Debug|Any CPU.ActiveCfg = Debug|Any CPU
		{56A3898D-3A24-440C-887B-6F1B2B2E85F1}.Debug|Any CPU.Build.0 = Debug|Any CPU
		{56A3898D-3A24-440C-887B-6F1B2B2E85F1}.Release|Any CPU.ActiveCfg = Release|Any CPU
		{56A3898D-3A24-440C-887B-6F1B2B2E85F1}.Release|Any CPU.Build.0 = Release|Any CPU
		{F4EE3467-74E1-4483-B0B5-AA40F8B30AB0}.Debug|Any CPU.ActiveCfg = Debug|Any CPU
		{F4EE3467-74E1-4483-B0B5-AA40F8B30AB0}.Debug|Any CPU.Build.0 = Debug|Any CPU
		{F4EE3467-74E1-4483-B0B5-AA40F8B30AB0}.Release|Any CPU.ActiveCfg = Release|Any CPU
		{F4EE3467-74E1-4483-B0B5-AA40F8B30AB0}.Release|Any CPU.Build.0 = Release|Any CPU
	EndGlobalSection
	GlobalSection(SolutionProperties) = preSolution
		HideSolutionNode = FALSE
	EndGlobalSection
	GlobalSection(NestedProjects) = preSolution
		{5FD0B5BF-6902-4EC1-AC28-603956A72B37} = {02EA681E-C7D8-13C7-8484-4AC65E1B71E8}
		{1CF3978D-A0FC-4199-868F-B8D1DD9C0044} = {611D6C5A-7533-481C-AB81-D234DB23A766}
		{A4A42C75-605D-432F-8C6B-9F2FB91CD93D} = {F516AA37-236C-4694-812C-B96412200C6E}
		{56A3898D-3A24-440C-887B-6F1B2B2E85F1} = {F516AA37-236C-4694-812C-B96412200C6E}
		{F4EE3467-74E1-4483-B0B5-AA40F8B30AB0} = {F516AA37-236C-4694-812C-B96412200C6E}
	EndGlobalSection
	GlobalSection(ExtensibilityGlobals) = postSolution
		SolutionGuid = {2E3DF8DA-6A6D-405D-A8DC-23C76D025512}
	EndGlobalSection
EndGlobal
