
Microsoft Visual Studio Solution File, Format Version 12.00
# Visual Studio Version 17
VisualStudioVersion = 17.14.36429.23
MinimumVisualStudioVersion = 10.0.40219.1
Project("{2150E333-8FDC-42A3-9474-1A3956D46DE8}") = "Task0", "Task0", "{02EA681E-C7D8-13C7-8484-4AC65E1B71E8}"
EndProject
Project("{FAE04EC0-301F-11D3-BF4B-00C04F79EFBC}") = "Tyuiu.KozyrevRA.Sprint0.Task0.V0", "Tyuiu.KozyrevRA.Sprint0.Task0.V0\Tyuiu.KozyrevRA.Sprint0.Task0.V0.csproj", "{5FD0B5BF-6902-4EC1-AC28-603956A72B37}"
EndProject
Project("{2150E333-8FDC-42A3-9474-1A3956D46DE8}") = "Task1", "Task1", "{611D6C5A-7533-481C-AB81-D234DB23A766}"
EndProject
Project("{FAE04EC0-301F-11D3-BF4B-00C04F79EFBC}") = "Tyuiu.KozyrevRA.Sprint0.Task1.V0", "Tyuiu.KozyrevRA.Sprint0.Task1.V0\Tyuiu.KozyrevRA.Sprint0.Task1.V0.csproj", "{1CF3978D-A0FC-4199-868F-B8D1DD9C0044}"
EndProject
Project("{2150E333-8FDC-42A3-9474-1A3956D46DE8}") = "Task2", "Task2", "{F516AA37-236C-4694-812C-B96412200C6E}"
EndProject
Project("{FAE04EC0-301F-11D3-BF4B-00C04F79EFBC}") = "Tyuiu.KozyrevRA.Sprint0.Task2.V0", "Tyuiu.KozyrevRA.Sprint0.Task2.V0\Tyuiu.KozyrevRA.Sprint0.Task2.V0.csproj", "{A4A42C75-605D-432F-8C6B-9F2FB91CD93D}"
EndProject
Project("{FAE04EC0-301F-11D3-BF4B-00C04F79EFBC}") = "Tyuiu.KozyrevRA.Sprint0.Task2.V0.Lib", "Tyuiu.KozyrevRA.Sprint0.Task2.V0.Lib\Tyuiu.KozyrevRA.Sprint0.Task2.V0.Lib.csproj", "{56A3898D-3A24-440C-887B-6F1B2B2E85F1}"
EndProject
Project("{FAE04EC0-301F-11D3-BF4B-00C04F79EFBC}") = "Tyuiu.KozyrevRA.Sprint0.Task2.V0.Test", "Tyuiu.KozyrevRA.Sprint0.Task2.V0.Test\Tyuiu.KozyrevRA.Sprint0.Task2.V0.Test.csproj", "{F4EE3467-74E1-4483-B0B5-AA40F8B30AB0}"
EndProject
Project("{2150E333-8FDC-42A3-9474-1A3956D46DE8}") = "Task3", "Task3", "{D003B182-AF61-41A5-B6AD-75816DFE319E}"
EndProject
Project("{FAE04EC0-301F-11D3-BF4B-00C04F79EFBC}") = "Tyuiu.KozyrevRA.Sprint0.Task3.V0", "Tyuiu.KozyrevRA.Sprint0.Task3.V0\Tyuiu.KozyrevRA.Sprint0.Task3.V0.csproj", "{C607016B-D77E-49D2-B2F6-EEB8953BB45D}"
EndProject
Project("{FAE04EC0-301F-11D3-BF4B-00C04F79EFBC}") = "Tyuiu.KozyrevRA.Sprint0.Task3.V0.Lib", "Tyuiu.KozyrevRA.Sprint0.Task3.V0.Lib\Tyuiu.KozyrevRA.Sprint0.Task3.V0.Lib.csproj", "{877975E6-6261-4207-A597-3AD38DBF973A}"
EndProject
Project("{FAE04EC0-301F-11D3-BF4B-00C04F79EFBC}") = "Tyuiu.KozyrevRA.Sprint0.Task3.V0.Test", "Tyuiu.KozyrevRA.Sprint0.Task3.V0.Test\Tyuiu.KozyrevRA.Sprint0.Task3.V0.Test.csproj", "{627932DF-A099-41C3-A9E6-340FDF3B3B15}"
EndProject
Project("{2150E333-8FDC-42A3-9474-1A3956D46DE8}") = "Task4", "Task4", "{1873D208-D800-47EF-BBCA-0D48B57DF2BC}"
EndProject
Project("{FAE04EC0-301F-11D3-BF4B-00C04F79EFBC}") = "Tyuiu.KozyrevRA.Sprint0.Task4.V0", "Tyuiu.KozyrevRA.Sprint0.Task4.V0\Tyuiu.KozyrevRA.Sprint0.Task4.V0.csproj", "{E15919C1-A777-480C-B3EB-21F32C8103F3}"
EndProject
Project("{FAE04EC0-301F-11D3-BF4B-00C04F79EFBC}") = "Tyuiu.KozyrevRA.Sprint0.Task4.V0.Lib", "Tyuiu.KozyrevRA.Sprint0.Task4.V0.Lib\Tyuiu.KozyrevRA.Sprint0.Task4.V0.Lib.csproj", "{833D6871-6747-450B-955B-F7CF7B930F3B}"
EndProject
Project("{FAE04EC0-301F-11D3-BF4B-00C04F79EFBC}") = "Tyuiu.KozyrevRA.Sprint0.Task4.V0.Test", "Tyuiu.KozyrevRA.Sprint0.Task4.V0.Test\Tyuiu.KozyrevRA.Sprint0.Task4.V0.Test.csproj", "{897014A4-C493-437E-91CF-0F208BD4F152}"
EndProject
Project("{2150E333-8FDC-42A3-9474-1A3956D46DE8}") = "Task5", "Task5", "{65908E70-4EEB-4E48-8576-930D19BF4D73}"
EndProject
Project("{FAE04EC0-301F-11D3-BF4B-00C04F79EFBC}") = "Tyuiu.KozyrevRA.Sprint0.Task5.V0", "Tyuiu.KozyrevRA.Sprint0.Task5.V0\Tyuiu.KozyrevRA.Sprint0.Task5.V0.csproj", "{07B8C9E1-DCD4-4D48-AD18-E154C3EAEB95}"
EndProject
Project("{FAE04EC0-301F-11D3-BF4B-00C04F79EFBC}") = "Tyuiu.KozyrevRA.Sprint0.Task5.V0.Test", "Tyuiu.KozyrevRA.Sprint0.Task5.V0.Test\Tyuiu.KozyrevRA.Sprint0.Task5.V0.Test.csproj", "{6ED64E89-A164-484B-B373-F1CFD41D98B9}"
EndProject
Project("{FAE04EC0-301F-11D3-BF4B-00C04F79EFBC}") = "Tyuiu.KozyrevRA.Sprint0.Task5.V0.Lib", "Tyuiu.KozyrevRA.Sprint0.Task5.V0.Lib\Tyuiu.KozyrevRA.Sprint0.Task5.V0.Lib.csproj", "{C289179A-8605-4704-B7C8-DE76DDE8777B}"
EndProject
Project("{2150E333-8FDC-42A3-9474-1A3956D46DE8}") = "Task6", "Task6", "{C01900F4-5A96-43DC-9602-328E6204E82F}"
EndProject
Project("{FAE04EC0-301F-11D3-BF4B-00C04F79EFBC}") = "Tyuiu.KozyrevRA.Sprint0.Task6.V0", "Tyuiu.KozyrevRA.Sprint0.Task6.V0\Tyuiu.KozyrevRA.Sprint0.Task6.V0.csproj", "{558A81E4-8526-456F-921D-0EC1C4488B72}"
EndProject
Project("{FAE04EC0-301F-11D3-BF4B-00C04F79EFBC}") = "Tyuiu.KozyrevRA.Sprint0.Task6.V0.Lib", "Tyuiu.KozyrevRA.Sprint0.Task6.V0.Lib\Tyuiu.KozyrevRA.Sprint0.Task6.V0.Lib.csproj", "{EA44C929-2625-4002-B024-95622B9DA9A9}"
EndProject
Project("{FAE04EC0-301F-11D3-BF4B-00C04F79EFBC}") = "Tyuiu.KozyrevRA.Sprint0.Task6.V0.Test", "Tyuiu.KozyrevRA.Sprint0.Task6.V0.Test\Tyuiu.KozyrevRA.Sprint0.Task6.V0.Test.csproj", "{FAABA25F-BFED-46D2-8564-F21F706E8F63}"
EndProject
Global
	GlobalSection(SolutionConfigurationPlatforms) = preSolution
		Debug|Any CPU = Debug|Any CPU
		Release|Any CPU = Release|Any CPU
	EndGlobalSection
	GlobalSection(ProjectConfigurationPlatforms) = postSolution
		{5FD0B5BF-6902-4EC1-AC28-603956A72B37}.Debug|Any CPU.ActiveCfg = Debug|Any CPU
		{5FD0B5BF-6902-4EC1-AC28-603956A72B37}.Debug|Any CPU.Build.0 = Debug|Any CPU
		{5FD0B5BF-6902-4EC1-AC28-603956A72B37}.Release|Any CPU.ActiveCfg = Release|Any CPU
		{5FD0B5BF-6902-4EC1-AC28-603956A72B37}.Release|Any CPU.Build.0 = Release|Any CPU
		{1CF3978D-A0FC-4199-868F-B8D1DD9C0044}.Debug|Any CPU.ActiveCfg = Debug|Any CPU
		{1CF3978D-A0FC-4199-868F-B8D1DD9C0044}.Debug|Any CPU.Build.0 = Debug|Any CPU
		{1CF3978D-A0FC-4199-868F-B8D1DD9C0044}.Release|Any CPU.ActiveCfg = Release|Any CPU
		{1CF3978D-A0FC-4199-868F-B8D1DD9C0044}.Release|Any CPU.Build.0 = Release|Any CPU
		{A4A42C75-605D-432F-8C6B-9F2FB91CD93D}.Debug|Any CPU.ActiveCfg = Debug|Any CPU
		{A4A42C75-605D-432F-8C6B-9F2FB91CD93D}.Debug|Any CPU.Build.0 = Debug|Any CPU
		{A4A42C75-605D-432F-8C6B-9F2FB91CD93D}.Release|Any CPU.ActiveCfg = Release|Any CPU
		{A4A42C75-605D-432F-8C6B-9F2FB91CD93D}.Release|Any CPU.Build.0 = Release|Any CPU
		{56A3898D-3A24-440C-887B-6F1B2B2E85F1}.Debug|Any CPU.ActiveCfg = Debug|Any CPU
		{56A3898D-3A24-440C-887B-6F1B2B2E85F1}.Debug|Any CPU.Build.0 = Debug|Any CPU
		{56A3898D-3A24-440C-887B-6F1B2B2E85F1}.Release|Any CPU.ActiveCfg = Release|Any CPU
		{56A3898D-3A24-440C-887B-6F1B2B2E85F1}.Release|Any CPU.Build.0 = Release|Any CPU
		{F4EE3467-74E1-4483-B0B5-AA40F8B30AB0}.Debug|Any CPU.ActiveCfg = Debug|Any CPU
		{F4EE3467-74E1-4483-B0B5-AA40F8B30AB0}.Debug|Any CPU.Build.0 = Debug|Any CPU
		{F4EE3467-74E1-4483-B0B5-AA40F8B30AB0}.Release|Any CPU.ActiveCfg = Release|Any CPU
		{F4EE3467-74E1-4483-B0B5-AA40F8B30AB0}.Release|Any CPU.Build.0 = Release|Any CPU
		{C607016B-D77E-49D2-B2F6-EEB8953BB45D}.Debug|Any CPU.ActiveCfg = Debug|Any CPU
		{C607016B-D77E-49D2-B2F6-EEB8953BB45D}.Debug|Any CPU.Build.0 = Debug|Any CPU
		{C607016B-D77E-49D2-B2F6-EEB8953BB45D}.Release|Any CPU.ActiveCfg = Release|Any CPU
		{C607016B-D77E-49D2-B2F6-EEB8953BB45D}.Release|Any CPU.Build.0 = Release|Any CPU
		{877975E6-6261-4207-A597-3AD38DBF973A}.Debug|Any CPU.ActiveCfg = Debug|Any CPU
		{877975E6-6261-4207-A597-3AD38DBF973A}.Debug|Any CPU.Build.0 = Debug|Any CPU
		{877975E6-6261-4207-A597-3AD38DBF973A}.Release|Any CPU.ActiveCfg = Release|Any CPU
		{877975E6-6261-4207-A597-3AD38DBF973A}.Release|Any CPU.Build.0 = Release|Any CPU
		{627932DF-A099-41C3-A9E6-340FDF3B3B15}.Debug|Any CPU.ActiveCfg = Debug|Any CPU
		{627932DF-A099-41C3-A9E6-340FDF3B3B15}.Debug|Any CPU.Build.0 = Debug|Any CPU
		{627932DF-A099-41C3-A9E6-340FDF3B3B15}.Release|Any CPU.ActiveCfg = Release|Any CPU
		{627932DF-A099-41C3-A9E6-340FDF3B3B15}.Release|Any CPU.Build.0 = Release|Any CPU
		{E15919C1-A777-480C-B3EB-21F32C8103F3}.Debug|Any CPU.ActiveCfg = Debug|Any CPU
		{E15919C1-A777-480C-B3EB-21F32C8103F3}.Debug|Any CPU.Build.0 = Debug|Any CPU
		{E15919C1-A777-480C-B3EB-21F32C8103F3}.Release|Any CPU.ActiveCfg = Release|Any CPU
		{E15919C1-A777-480C-B3EB-21F32C8103F3}.Release|Any CPU.Build.0 = Release|Any CPU
		{833D6871-6747-450B-955B-F7CF7B930F3B}.Debug|Any CPU.ActiveCfg = Debug|Any CPU
		{833D6871-6747-450B-955B-F7CF7B930F3B}.Debug|Any CPU.Build.0 = Debug|Any CPU
		{833D6871-6747-450B-955B-F7CF7B930F3B}.Release|Any CPU.ActiveCfg = Release|Any CPU
		{833D6871-6747-450B-955B-F7CF7B930F3B}.Release|Any CPU.Build.0 = Release|Any CPU
		{897014A4-C493-437E-91CF-0F208BD4F152}.Debug|Any CPU.ActiveCfg = Debug|Any CPU
		{897014A4-C493-437E-91CF-0F208BD4F152}.Debug|Any CPU.Build.0 = Debug|Any CPU
		{897014A4-C493-437E-91CF-0F208BD4F152}.Release|Any CPU.ActiveCfg = Release|Any CPU
		{897014A4-C493-437E-91CF-0F208BD4F152}.Release|Any CPU.Build.0 = Release|Any CPU
		{07B8C9E1-DCD4-4D48-AD18-E154C3EAEB95}.Debug|Any CPU.ActiveCfg = Debug|Any CPU
		{07B8C9E1-DCD4-4D48-AD18-E154C3EAEB95}.Debug|Any CPU.Build.0 = Debug|Any CPU
		{07B8C9E1-DCD4-4D48-AD18-E154C3EAEB95}.Release|Any CPU.ActiveCfg = Release|Any CPU
		{07B8C9E1-DCD4-4D48-AD18-E154C3EAEB95}.Release|Any CPU.Build.0 = Release|Any CPU
		{6ED64E89-A164-484B-B373-F1CFD41D98B9}.Debug|Any CPU.ActiveCfg = Debug|Any CPU
		{6ED64E89-A164-484B-B373-F1CFD41D98B9}.Debug|Any CPU.Build.0 = Debug|Any CPU
		{6ED64E89-A164-484B-B373-F1CFD41D98B9}.Release|Any CPU.ActiveCfg = Release|Any CPU
		{6ED64E89-A164-484B-B373-F1CFD41D98B9}.Release|Any CPU.Build.0 = Release|Any CPU
		{C289179A-8605-4704-B7C8-DE76DDE8777B}.Debug|Any CPU.ActiveCfg = Debug|Any CPU
		{C289179A-8605-4704-B7C8-DE76DDE8777B}.Debug|Any CPU.Build.0 = Debug|Any CPU
		{C289179A-8605-4704-B7C8-DE76DDE8777B}.Release|Any CPU.ActiveCfg = Release|Any CPU
		{C289179A-8605-4704-B7C8-DE76DDE8777B}.Release|Any CPU.Build.0 = Release|Any CPU
		{558A81E4-8526-456F-921D-0EC1C4488B72}.Debug|Any CPU.ActiveCfg = Debug|Any CPU
		{558A81E4-8526-456F-921D-0EC1C4488B72}.Debug|Any CPU.Build.0 = Debug|Any CPU
		{558A81E4-8526-456F-921D-0EC1C4488B72}.Release|Any CPU.ActiveCfg = Release|Any CPU
		{558A81E4-8526-456F-921D-0EC1C4488B72}.Release|Any CPU.Build.0 = Release|Any CPU
		{EA44C929-2625-4002-B024-95622B9DA9A9}.Debug|Any CPU.ActiveCfg = Debug|Any CPU
		{EA44C929-2625-4002-B024-95622B9DA9A9}.Debug|Any CPU.Build.0 = Debug|Any CPU
		{EA44C929-2625-4002-B024-95622B9DA9A9}.Release|Any CPU.ActiveCfg = Release|Any CPU
		{EA44C929-2625-4002-B024-95622B9DA9A9}.Release|Any CPU.Build.0 = Release|Any CPU
		{FAABA25F-BFED-46D2-8564-F21F706E8F63}.Debug|Any CPU.ActiveCfg = Debug|Any CPU
		{FAABA25F-BFED-46D2-8564-F21F706E8F63}.Debug|Any CPU.Build.0 = Debug|Any CPU
		{FAABA25F-BFED-46D2-8564-F21F706E8F63}.Release|Any CPU.ActiveCfg = Release|Any CPU
		{FAABA25F-BFED-46D2-8564-F21F706E8F63}.Release|Any CPU.Build.0 = Release|Any CPU
	EndGlobalSection
	GlobalSection(SolutionProperties) = preSolution
		HideSolutionNode = FALSE
	EndGlobalSection
	GlobalSection(NestedProjects) = preSolution
		{5FD0B5BF-6902-4EC1-AC28-603956A72B37} = {02EA681E-C7D8-13C7-8484-4AC65E1B71E8}
		{1CF3978D-A0FC-4199-868F-B8D1DD9C0044} = {611D6C5A-7533-481C-AB81-D234DB23A766}
		{A4A42C75-605D-432F-8C6B-9F2FB91CD93D} = {F516AA37-236C-4694-812C-B96412200C6E}
		{56A3898D-3A24-440C-887B-6F1B2B2E85F1} = {F516AA37-236C-4694-812C-B96412200C6E}
		{F4EE3467-74E1-4483-B0B5-AA40F8B30AB0} = {F516AA37-236C-4694-812C-B96412200C6E}
		{C607016B-D77E-49D2-B2F6-EEB8953BB45D} = {D003B182-AF61-41A5-B6AD-75816DFE319E}
		{877975E6-6261-4207-A597-3AD38DBF973A} = {D003B182-AF61-41A5-B6AD-75816DFE319E}
		{627932DF-A099-41C3-A9E6-340FDF3B3B15} = {D003B182-AF61-41A5-B6AD-75816DFE319E}
		{E15919C1-A777-480C-B3EB-21F32C8103F3} = {1873D208-D800-47EF-BBCA-0D48B57DF2BC}
		{833D6871-6747-450B-955B-F7CF7B930F3B} = {1873D208-D800-47EF-BBCA-0D48B57DF2BC}
		{897014A4-C493-437E-91CF-0F208BD4F152} = {1873D208-D800-47EF-BBCA-0D48B57DF2BC}
		{07B8C9E1-DCD4-4D48-AD18-E154C3EAEB95} = {65908E70-4EEB-4E48-8576-930D19BF4D73}
		{6ED64E89-A164-484B-B373-F1CFD41D98B9} = {65908E70-4EEB-4E48-8576-930D19BF4D73}
		{C289179A-8605-4704-B7C8-DE76DDE8777B} = {65908E70-4EEB-4E48-8576-930D19BF4D73}
		{558A81E4-8526-456F-921D-0EC1C4488B72} = {C01900F4-5A96-43DC-9602-328E6204E82F}
		{EA44C929-2625-4002-B024-95622B9DA9A9} = {C01900F4-5A96-43DC-9602-328E6204E82F}
		{FAABA25F-BFED-46D2-8564-F21F706E8F63} = {C01900F4-5A96-43DC-9602-328E6204E82F}
	EndGlobalSection
	GlobalSection(ExtensibilityGlobals) = postSolution
		SolutionGuid = {2E3DF8DA-6A6D-405D-A8DC-23C76D025512}
	EndGlobalSection
EndGlobal
